// !$*UTF8*$!
{
	archiveVersion = 1;
	classes = {
	};
	objectVersion = 55;
	objects = {

/* Begin PBXBuildFile section */
		9836AC462800B4F400F7F767 /* NetworkTestApp.swift in Sources */ = {isa = PBXBuildFile; fileRef = 9836AC452800B4F400F7F767 /* NetworkTestApp.swift */; };
		9836AC482800B4F400F7F767 /* ContentView.swift in Sources */ = {isa = PBXBuildFile; fileRef = 9836AC472800B4F400F7F767 /* ContentView.swift */; };
		9836AC4A2800B4F600F7F767 /* Assets.xcassets in Resources */ = {isa = PBXBuildFile; fileRef = 9836AC492800B4F600F7F767 /* Assets.xcassets */; };
		9836AC4D2800B4F600F7F767 /* Preview Assets.xcassets in Resources */ = {isa = PBXBuildFile; fileRef = 9836AC4C2800B4F600F7F767 /* Preview Assets.xcassets */; };
		9836AC542800B54200F7F767 /* GoogleService-Info.plist in Resources */ = {isa = PBXBuildFile; fileRef = 9836AC532800B54200F7F767 /* GoogleService-Info.plist */; };
		9836AC572800B5F800F7F767 /* FirebaseAnalytics in Frameworks */ = {isa = PBXBuildFile; productRef = 9836AC562800B5F800F7F767 /* FirebaseAnalytics */; };
		9836AC592800B5F800F7F767 /* FirebaseAuth in Frameworks */ = {isa = PBXBuildFile; productRef = 9836AC582800B5F800F7F767 /* FirebaseAuth */; };
		9836AC5B2800B5F800F7F767 /* FirebaseDatabase in Frameworks */ = {isa = PBXBuildFile; productRef = 9836AC5A2800B5F800F7F767 /* FirebaseDatabase */; };
		9836AC5D2800B5F800F7F767 /* FirebaseFirestore in Frameworks */ = {isa = PBXBuildFile; productRef = 9836AC5C2800B5F800F7F767 /* FirebaseFirestore */; };
		9836AC5F2800B5F800F7F767 /* FirebaseStorage in Frameworks */ = {isa = PBXBuildFile; productRef = 9836AC5E2800B5F800F7F767 /* FirebaseStorage */; };
		9836AC632800BA0F00F7F767 /* FirebaseFirestoreSwift-Beta in Frameworks */ = {isa = PBXBuildFile; productRef = 9836AC622800BA0F00F7F767 /* FirebaseFirestoreSwift-Beta */; };
		9836AC6728046D8100F7F767 /* User.swift in Sources */ = {isa = PBXBuildFile; fileRef = 9836AC6628046D8100F7F767 /* User.swift */; };
		9836AC692804730300F7F767 /* NetworkManager.swift in Sources */ = {isa = PBXBuildFile; fileRef = 9836AC682804730300F7F767 /* NetworkManager.swift */; };
		9836AC6B2804735B00F7F767 /* AuthViewModel.swift in Sources */ = {isa = PBXBuildFile; fileRef = 9836AC6A2804735B00F7F767 /* AuthViewModel.swift */; };
		9836AC6F2804D1E000F7F767 /* AuthView.swift in Sources */ = {isa = PBXBuildFile; fileRef = 9836AC6E2804D1E000F7F767 /* AuthView.swift */; };
		9836AC712804D21400F7F767 /* TextFieldView.swift in Sources */ = {isa = PBXBuildFile; fileRef = 9836AC702804D21400F7F767 /* TextFieldView.swift */; };
		9836AC732804D3E800F7F767 /* WelcomeView.swift in Sources */ = {isa = PBXBuildFile; fileRef = 9836AC722804D3E800F7F767 /* WelcomeView.swift */; };
		9836AC752804D98200F7F767 /* Home.swift in Sources */ = {isa = PBXBuildFile; fileRef = 9836AC742804D98200F7F767 /* Home.swift */; };
		9899306C280B565A00BD2C74 /* DataManager.swift in Sources */ = {isa = PBXBuildFile; fileRef = 9899306B280B565A00BD2C74 /* DataManager.swift */; };
		9899306F280B577600BD2C74 /* UserManager.swift in Sources */ = {isa = PBXBuildFile; fileRef = 9899306E280B577600BD2C74 /* UserManager.swift */; };
		98993077280B5C2E00BD2C74 /* SupportMailData.swift in Sources */ = {isa = PBXBuildFile; fileRef = 98993076280B5C2E00BD2C74 /* SupportMailData.swift */; };
		98993079280B60E100BD2C74 /* DeviceModels.json in Resources */ = {isa = PBXBuildFile; fileRef = 98993078280B60DF00BD2C74 /* DeviceModels.json */; };
		9899307C280B611D00BD2C74 /* UIDevice+Extension.swift in Sources */ = {isa = PBXBuildFile; fileRef = 9899307B280B611D00BD2C74 /* UIDevice+Extension.swift */; };
		9899307E280B612800BD2C74 /* Bundle+Extension.swift in Sources */ = {isa = PBXBuildFile; fileRef = 9899307D280B612700BD2C74 /* Bundle+Extension.swift */; };
		98993086280B649700BD2C74 /* SupportMailView.swift in Sources */ = {isa = PBXBuildFile; fileRef = 98993085280B649600BD2C74 /* SupportMailView.swift */; };
		98993088280B6A4D00BD2C74 /* MailView.swift in Sources */ = {isa = PBXBuildFile; fileRef = 98993087280B6A4B00BD2C74 /* MailView.swift */; };
		98FE58B5280B75FE00750E7D /* PDFKitView.swift in Sources */ = {isa = PBXBuildFile; fileRef = 98FE58B4280B75FE00750E7D /* PDFKitView.swift */; };
		98FE58B7280C5ED000750E7D /* PDFKitViewModel.swift in Sources */ = {isa = PBXBuildFile; fileRef = 98FE58B6280C5ED000750E7D /* PDFKitViewModel.swift */; };
/* End PBXBuildFile section */

/* Begin PBXFileReference section */
		9836AC422800B4F400F7F767 /* NetworkTest.app */ = {isa = PBXFileReference; explicitFileType = wrapper.application; includeInIndex = 0; path = NetworkTest.app; sourceTree = BUILT_PRODUCTS_DIR; };
		9836AC452800B4F400F7F767 /* NetworkTestApp.swift */ = {isa = PBXFileReference; lastKnownFileType = sourcecode.swift; path = NetworkTestApp.swift; sourceTree = "<group>"; };
		9836AC472800B4F400F7F767 /* ContentView.swift */ = {isa = PBXFileReference; lastKnownFileType = sourcecode.swift; path = ContentView.swift; sourceTree = "<group>"; };
		9836AC492800B4F600F7F767 /* Assets.xcassets */ = {isa = PBXFileReference; lastKnownFileType = folder.assetcatalog; path = Assets.xcassets; sourceTree = "<group>"; };
		9836AC4C2800B4F600F7F767 /* Preview Assets.xcassets */ = {isa = PBXFileReference; lastKnownFileType = folder.assetcatalog; path = "Preview Assets.xcassets"; sourceTree = "<group>"; };
		9836AC532800B54200F7F767 /* GoogleService-Info.plist */ = {isa = PBXFileReference; fileEncoding = 4; lastKnownFileType = text.plist.xml; path = "GoogleService-Info.plist"; sourceTree = "<group>"; };
		9836AC602800B86100F7F767 /* Info.plist */ = {isa = PBXFileReference; lastKnownFileType = text.plist; path = Info.plist; sourceTree = "<group>"; };
		9836AC6628046D8100F7F767 /* User.swift */ = {isa = PBXFileReference; lastKnownFileType = sourcecode.swift; path = User.swift; sourceTree = "<group>"; };
		9836AC682804730300F7F767 /* NetworkManager.swift */ = {isa = PBXFileReference; lastKnownFileType = sourcecode.swift; path = NetworkManager.swift; sourceTree = "<group>"; };
		9836AC6A2804735B00F7F767 /* AuthViewModel.swift */ = {isa = PBXFileReference; lastKnownFileType = sourcecode.swift; path = AuthViewModel.swift; sourceTree = "<group>"; };
		9836AC6E2804D1E000F7F767 /* AuthView.swift */ = {isa = PBXFileReference; lastKnownFileType = sourcecode.swift; path = AuthView.swift; sourceTree = "<group>"; };
		9836AC702804D21400F7F767 /* TextFieldView.swift */ = {isa = PBXFileReference; fileEncoding = 4; lastKnownFileType = sourcecode.swift; path = TextFieldView.swift; sourceTree = "<group>"; };
		9836AC722804D3E800F7F767 /* WelcomeView.swift */ = {isa = PBXFileReference; lastKnownFileType = sourcecode.swift; path = WelcomeView.swift; sourceTree = "<group>"; };
		9836AC742804D98200F7F767 /* Home.swift */ = {isa = PBXFileReference; lastKnownFileType = sourcecode.swift; path = Home.swift; sourceTree = "<group>"; };
		9899306B280B565A00BD2C74 /* DataManager.swift */ = {isa = PBXFileReference; lastKnownFileType = sourcecode.swift; path = DataManager.swift; sourceTree = "<group>"; };
		9899306E280B577600BD2C74 /* UserManager.swift */ = {isa = PBXFileReference; lastKnownFileType = sourcecode.swift; path = UserManager.swift; sourceTree = "<group>"; };
		98993076280B5C2E00BD2C74 /* SupportMailData.swift */ = {isa = PBXFileReference; lastKnownFileType = sourcecode.swift; path = SupportMailData.swift; sourceTree = "<group>"; };
		98993078280B60DF00BD2C74 /* DeviceModels.json */ = {isa = PBXFileReference; fileEncoding = 4; lastKnownFileType = text.json; path = DeviceModels.json; sourceTree = "<group>"; };
		9899307B280B611D00BD2C74 /* UIDevice+Extension.swift */ = {isa = PBXFileReference; fileEncoding = 4; lastKnownFileType = sourcecode.swift; path = "UIDevice+Extension.swift"; sourceTree = "<group>"; };
		9899307D280B612700BD2C74 /* Bundle+Extension.swift */ = {isa = PBXFileReference; fileEncoding = 4; lastKnownFileType = sourcecode.swift; path = "Bundle+Extension.swift"; sourceTree = "<group>"; };
		98993085280B649600BD2C74 /* SupportMailView.swift */ = {isa = PBXFileReference; lastKnownFileType = sourcecode.swift; path = SupportMailView.swift; sourceTree = "<group>"; };
		98993087280B6A4B00BD2C74 /* MailView.swift */ = {isa = PBXFileReference; lastKnownFileType = sourcecode.swift; path = MailView.swift; sourceTree = "<group>"; };
		98FE58B4280B75FE00750E7D /* PDFKitView.swift */ = {isa = PBXFileReference; lastKnownFileType = sourcecode.swift; path = PDFKitView.swift; sourceTree = "<group>"; };
		98FE58B6280C5ED000750E7D /* PDFKitViewModel.swift */ = {isa = PBXFileReference; lastKnownFileType = sourcecode.swift; path = PDFKitViewModel.swift; sourceTree = "<group>"; };
/* End PBXFileReference section */

/* Begin PBXFrameworksBuildPhase section */
		9836AC3F2800B4F400F7F767 /* Frameworks */ = {
			isa = PBXFrameworksBuildPhase;
			buildActionMask = 2147483647;
			files = (
				9836AC5B2800B5F800F7F767 /* FirebaseDatabase in Frameworks */,
				9836AC5D2800B5F800F7F767 /* FirebaseFirestore in Frameworks */,
				9836AC572800B5F800F7F767 /* FirebaseAnalytics in Frameworks */,
				9836AC632800BA0F00F7F767 /* FirebaseFirestoreSwift-Beta in Frameworks */,
				9836AC5F2800B5F800F7F767 /* FirebaseStorage in Frameworks */,
				9836AC592800B5F800F7F767 /* FirebaseAuth in Frameworks */,
			);
			runOnlyForDeploymentPostprocessing = 0;
		};
/* End PBXFrameworksBuildPhase section */

/* Begin PBXGroup section */
		9836AC392800B4F400F7F767 = {
			isa = PBXGroup;
			children = (
				9836AC442800B4F400F7F767 /* NetworkTest */,
				9836AC432800B4F400F7F767 /* Products */,
				9836AC612800BA0F00F7F767 /* Frameworks */,
			);
			sourceTree = "<group>";
		};
		9836AC432800B4F400F7F767 /* Products */ = {
			isa = PBXGroup;
			children = (
				9836AC422800B4F400F7F767 /* NetworkTest.app */,
			);
			name = Products;
			sourceTree = "<group>";
		};
		9836AC442800B4F400F7F767 /* NetworkTest */ = {
			isa = PBXGroup;
			children = (
				9836AC602800B86100F7F767 /* Info.plist */,
				9836AC452800B4F400F7F767 /* NetworkTestApp.swift */,
				98993078280B60DF00BD2C74 /* DeviceModels.json */,
				9836AC742804D98200F7F767 /* Home.swift */,
				98993072280B584E00BD2C74 /* Views */,
				98993071280B584000BD2C74 /* Items */,
				98993070280B583700BD2C74 /* Model */,
				9899306D280B575A00BD2C74 /* Services */,
				98993073280B585D00BD2C74 /* ViewModel */,
				9899307A280B610700BD2C74 /* Extensions */,
				9836AC532800B54200F7F767 /* GoogleService-Info.plist */,
				9836AC492800B4F600F7F767 /* Assets.xcassets */,
				9836AC4B2800B4F600F7F767 /* Preview Content */,
			);
			path = NetworkTest;
			sourceTree = "<group>";
		};
		9836AC4B2800B4F600F7F767 /* Preview Content */ = {
			isa = PBXGroup;
			children = (
				9836AC4C2800B4F600F7F767 /* Preview Assets.xcassets */,
			);
			path = "Preview Content";
			sourceTree = "<group>";
		};
		9836AC612800BA0F00F7F767 /* Frameworks */ = {
			isa = PBXGroup;
			children = (
			);
			name = Frameworks;
			sourceTree = "<group>";
		};
		9899306D280B575A00BD2C74 /* Services */ = {
			isa = PBXGroup;
			children = (
				9836AC682804730300F7F767 /* NetworkManager.swift */,
				9899306B280B565A00BD2C74 /* DataManager.swift */,
				9899306E280B577600BD2C74 /* UserManager.swift */,
				98993076280B5C2E00BD2C74 /* SupportMailData.swift */,
			);
			path = Services;
			sourceTree = "<group>";
		};
		98993070280B583700BD2C74 /* Model */ = {
			isa = PBXGroup;
			children = (
				9836AC6628046D8100F7F767 /* User.swift */,
			);
			path = Model;
			sourceTree = "<group>";
		};
		98993071280B584000BD2C74 /* Items */ = {
			isa = PBXGroup;
			children = (
				9836AC702804D21400F7F767 /* TextFieldView.swift */,
				98993087280B6A4B00BD2C74 /* MailView.swift */,
				98FE58B4280B75FE00750E7D /* PDFKitView.swift */,
			);
			path = Items;
			sourceTree = "<group>";
		};
		98993072280B584E00BD2C74 /* Views */ = {
			isa = PBXGroup;
			children = (
				9836AC472800B4F400F7F767 /* ContentView.swift */,
				9836AC722804D3E800F7F767 /* WelcomeView.swift */,
				9836AC6E2804D1E000F7F767 /* AuthView.swift */,
				98993085280B649600BD2C74 /* SupportMailView.swift */,
			);
			path = Views;
			sourceTree = "<group>";
		};
		98993073280B585D00BD2C74 /* ViewModel */ = {
			isa = PBXGroup;
			children = (
				9836AC6A2804735B00F7F767 /* AuthViewModel.swift */,
				98FE58B6280C5ED000750E7D /* PDFKitViewModel.swift */,
			);
			path = ViewModel;
			sourceTree = "<group>";
		};
		9899307A280B610700BD2C74 /* Extensions */ = {
			isa = PBXGroup;
			children = (
				9899307B280B611D00BD2C74 /* UIDevice+Extension.swift */,
				9899307D280B612700BD2C74 /* Bundle+Extension.swift */,
			);
			path = Extensions;
			sourceTree = "<group>";
		};
/* End PBXGroup section */

/* Begin PBXNativeTarget section */
		9836AC412800B4F400F7F767 /* NetworkTest */ = {
			isa = PBXNativeTarget;
			buildConfigurationList = 9836AC502800B4F600F7F767 /* Build configuration list for PBXNativeTarget "NetworkTest" */;
			buildPhases = (
				9836AC3E2800B4F400F7F767 /* Sources */,
				9836AC3F2800B4F400F7F767 /* Frameworks */,
				9836AC402800B4F400F7F767 /* Resources */,
			);
			buildRules = (
			);
			dependencies = (
			);
			name = NetworkTest;
			packageProductDependencies = (
				9836AC562800B5F800F7F767 /* FirebaseAnalytics */,
				9836AC582800B5F800F7F767 /* FirebaseAuth */,
				9836AC5A2800B5F800F7F767 /* FirebaseDatabase */,
				9836AC5C2800B5F800F7F767 /* FirebaseFirestore */,
				9836AC5E2800B5F800F7F767 /* FirebaseStorage */,
				9836AC622800BA0F00F7F767 /* FirebaseFirestoreSwift-Beta */,
			);
			productName = NetworkTest;
			productReference = 9836AC422800B4F400F7F767 /* NetworkTest.app */;
			productType = "com.apple.product-type.application";
		};
/* End PBXNativeTarget section */

/* Begin PBXProject section */
		9836AC3A2800B4F400F7F767 /* Project object */ = {
			isa = PBXProject;
			attributes = {
				BuildIndependentTargetsInParallel = 1;
				LastSwiftUpdateCheck = 1330;
				LastUpgradeCheck = 1330;
				TargetAttributes = {
					9836AC412800B4F400F7F767 = {
						CreatedOnToolsVersion = 13.3;
					};
				};
			};
			buildConfigurationList = 9836AC3D2800B4F400F7F767 /* Build configuration list for PBXProject "NetworkTest" */;
			compatibilityVersion = "Xcode 13.0";
			developmentRegion = en;
			hasScannedForEncodings = 0;
			knownRegions = (
				en,
				Base,
			);
			mainGroup = 9836AC392800B4F400F7F767;
			packageReferences = (
				9836AC552800B5F800F7F767 /* XCRemoteSwiftPackageReference "firebase-ios-sdk" */,
			);
			productRefGroup = 9836AC432800B4F400F7F767 /* Products */;
			projectDirPath = "";
			projectRoot = "";
			targets = (
				9836AC412800B4F400F7F767 /* NetworkTest */,
			);
		};
/* End PBXProject section */

/* Begin PBXResourcesBuildPhase section */
		9836AC402800B4F400F7F767 /* Resources */ = {
			isa = PBXResourcesBuildPhase;
			buildActionMask = 2147483647;
			files = (
				9836AC4D2800B4F600F7F767 /* Preview Assets.xcassets in Resources */,
				98993079280B60E100BD2C74 /* DeviceModels.json in Resources */,
				9836AC4A2800B4F600F7F767 /* Assets.xcassets in Resources */,
				9836AC542800B54200F7F767 /* GoogleService-Info.plist in Resources */,
			);
			runOnlyForDeploymentPostprocessing = 0;
		};
/* End PBXResourcesBuildPhase section */

/* Begin PBXSourcesBuildPhase section */
		9836AC3E2800B4F400F7F767 /* Sources */ = {
			isa = PBXSourcesBuildPhase;
			buildActionMask = 2147483647;
			files = (
				98FE58B7280C5ED000750E7D /* PDFKitViewModel.swift in Sources */,
				98993086280B649700BD2C74 /* SupportMailView.swift in Sources */,
				98993077280B5C2E00BD2C74 /* SupportMailData.swift in Sources */,
				9899307E280B612800BD2C74 /* Bundle+Extension.swift in Sources */,
				9899307C280B611D00BD2C74 /* UIDevice+Extension.swift in Sources */,
				9836AC6B2804735B00F7F767 /* AuthViewModel.swift in Sources */,
				9899306C280B565A00BD2C74 /* DataManager.swift in Sources */,
				9836AC712804D21400F7F767 /* TextFieldView.swift in Sources */,
				98993088280B6A4D00BD2C74 /* MailView.swift in Sources */,
				9836AC692804730300F7F767 /* NetworkManager.swift in Sources */,
				9836AC732804D3E800F7F767 /* WelcomeView.swift in Sources */,
				98FE58B5280B75FE00750E7D /* PDFKitView.swift in Sources */,
				9836AC752804D98200F7F767 /* Home.swift in Sources */,
				9836AC6F2804D1E000F7F767 /* AuthView.swift in Sources */,
				9836AC6728046D8100F7F767 /* User.swift in Sources */,
				9836AC482800B4F400F7F767 /* ContentView.swift in Sources */,
				9899306F280B577600BD2C74 /* UserManager.swift in Sources */,
				9836AC462800B4F400F7F767 /* NetworkTestApp.swift in Sources */,
			);
			runOnlyForDeploymentPostprocessing = 0;
		};
/* End PBXSourcesBuildPhase section */

/* Begin XCBuildConfiguration section */
		9836AC4E2800B4F600F7F767 /* Debug */ = {
			isa = XCBuildConfiguration;
			buildSettings = {
				ALWAYS_SEARCH_USER_PATHS = NO;
				CLANG_ANALYZER_NONNULL = YES;
				CLANG_ANALYZER_NUMBER_OBJECT_CONVERSION = YES_AGGRESSIVE;
				CLANG_CXX_LANGUAGE_STANDARD = "gnu++17";
				CLANG_ENABLE_MODULES = YES;
				CLANG_ENABLE_OBJC_ARC = YES;
				CLANG_ENABLE_OBJC_WEAK = YES;
				CLANG_WARN_BLOCK_CAPTURE_AUTORELEASING = YES;
				CLANG_WARN_BOOL_CONVERSION = YES;
				CLANG_WARN_COMMA = YES;
				CLANG_WARN_CONSTANT_CONVERSION = YES;
				CLANG_WARN_DEPRECATED_OBJC_IMPLEMENTATIONS = YES;
				CLANG_WARN_DIRECT_OBJC_ISA_USAGE = YES_ERROR;
				CLANG_WARN_DOCUMENTATION_COMMENTS = YES;
				CLANG_WARN_EMPTY_BODY = YES;
				CLANG_WARN_ENUM_CONVERSION = YES;
				CLANG_WARN_INFINITE_RECURSION = YES;
				CLANG_WARN_INT_CONVERSION = YES;
				CLANG_WARN_NON_LITERAL_NULL_CONVERSION = YES;
				CLANG_WARN_OBJC_IMPLICIT_RETAIN_SELF = YES;
				CLANG_WARN_OBJC_LITERAL_CONVERSION = YES;
				CLANG_WARN_OBJC_ROOT_CLASS = YES_ERROR;
				CLANG_WARN_QUOTED_INCLUDE_IN_FRAMEWORK_HEADER = YES;
				CLANG_WARN_RANGE_LOOP_ANALYSIS = YES;
				CLANG_WARN_STRICT_PROTOTYPES = YES;
				CLANG_WARN_SUSPICIOUS_MOVE = YES;
				CLANG_WARN_UNGUARDED_AVAILABILITY = YES_AGGRESSIVE;
				CLANG_WARN_UNREACHABLE_CODE = YES;
				CLANG_WARN__DUPLICATE_METHOD_MATCH = YES;
				COPY_PHASE_STRIP = NO;
				DEBUG_INFORMATION_FORMAT = dwarf;
				ENABLE_STRICT_OBJC_MSGSEND = YES;
				ENABLE_TESTABILITY = YES;
				GCC_C_LANGUAGE_STANDARD = gnu11;
				GCC_DYNAMIC_NO_PIC = NO;
				GCC_NO_COMMON_BLOCKS = YES;
				GCC_OPTIMIZATION_LEVEL = 0;
				GCC_PREPROCESSOR_DEFINITIONS = (
					"DEBUG=1",
					"$(inherited)",
				);
				GCC_WARN_64_TO_32_BIT_CONVERSION = YES;
				GCC_WARN_ABOUT_RETURN_TYPE = YES_ERROR;
				GCC_WARN_UNDECLARED_SELECTOR = YES;
				GCC_WARN_UNINITIALIZED_AUTOS = YES_AGGRESSIVE;
				GCC_WARN_UNUSED_FUNCTION = YES;
				GCC_WARN_UNUSED_VARIABLE = YES;
				IPHONEOS_DEPLOYMENT_TARGET = 15.4;
				MTL_ENABLE_DEBUG_INFO = INCLUDE_SOURCE;
				MTL_FAST_MATH = YES;
				ONLY_ACTIVE_ARCH = YES;
				SDKROOT = iphoneos;
				SWIFT_ACTIVE_COMPILATION_CONDITIONS = DEBUG;
				SWIFT_OPTIMIZATION_LEVEL = "-Onone";
			};
			name = Debug;
		};
		9836AC4F2800B4F600F7F767 /* Release */ = {
			isa = XCBuildConfiguration;
			buildSettings = {
				ALWAYS_SEARCH_USER_PATHS = NO;
				CLANG_ANALYZER_NONNULL = YES;
				CLANG_ANALYZER_NUMBER_OBJECT_CONVERSION = YES_AGGRESSIVE;
				CLANG_CXX_LANGUAGE_STANDARD = "gnu++17";
				CLANG_ENABLE_MODULES = YES;
				CLANG_ENABLE_OBJC_ARC = YES;
				CLANG_ENABLE_OBJC_WEAK = YES;
				CLANG_WARN_BLOCK_CAPTURE_AUTORELEASING = YES;
				CLANG_WARN_BOOL_CONVERSION = YES;
				CLANG_WARN_COMMA = YES;
				CLANG_WARN_CONSTANT_CONVERSION = YES;
				CLANG_WARN_DEPRECATED_OBJC_IMPLEMENTATIONS = YES;
				CLANG_WARN_DIRECT_OBJC_ISA_USAGE = YES_ERROR;
				CLANG_WARN_DOCUMENTATION_COMMENTS = YES;
				CLANG_WARN_EMPTY_BODY = YES;
				CLANG_WARN_ENUM_CONVERSION = YES;
				CLANG_WARN_INFINITE_RECURSION = YES;
				CLANG_WARN_INT_CONVERSION = YES;
				CLANG_WARN_NON_LITERAL_NULL_CONVERSION = YES;
				CLANG_WARN_OBJC_IMPLICIT_RETAIN_SELF = YES;
				CLANG_WARN_OBJC_LITERAL_CONVERSION = YES;
				CLANG_WARN_OBJC_ROOT_CLASS = YES_ERROR;
				CLANG_WARN_QUOTED_INCLUDE_IN_FRAMEWORK_HEADER = YES;
				CLANG_WARN_RANGE_LOOP_ANALYSIS = YES;
				CLANG_WARN_STRICT_PROTOTYPES = YES;
				CLANG_WARN_SUSPICIOUS_MOVE = YES;
				CLANG_WARN_UNGUARDED_AVAILABILITY = YES_AGGRESSIVE;
				CLANG_WARN_UNREACHABLE_CODE = YES;
				CLANG_WARN__DUPLICATE_METHOD_MATCH = YES;
				COPY_PHASE_STRIP = NO;
				DEBUG_INFORMATION_FORMAT = "dwarf-with-dsym";
				ENABLE_NS_ASSERTIONS = NO;
				ENABLE_STRICT_OBJC_MSGSEND = YES;
				GCC_C_LANGUAGE_STANDARD = gnu11;
				GCC_NO_COMMON_BLOCKS = YES;
				GCC_WARN_64_TO_32_BIT_CONVERSION = YES;
				GCC_WARN_ABOUT_RETURN_TYPE = YES_ERROR;
				GCC_WARN_UNDECLARED_SELECTOR = YES;
				GCC_WARN_UNINITIALIZED_AUTOS = YES_AGGRESSIVE;
				GCC_WARN_UNUSED_FUNCTION = YES;
				GCC_WARN_UNUSED_VARIABLE = YES;
				IPHONEOS_DEPLOYMENT_TARGET = 15.4;
				MTL_ENABLE_DEBUG_INFO = NO;
				MTL_FAST_MATH = YES;
				SDKROOT = iphoneos;
				SWIFT_COMPILATION_MODE = wholemodule;
				SWIFT_OPTIMIZATION_LEVEL = "-O";
				VALIDATE_PRODUCT = YES;
			};
			name = Release;
		};
		9836AC512800B4F600F7F767 /* Debug */ = {
			isa = XCBuildConfiguration;
			buildSettings = {
				ASSETCATALOG_COMPILER_APPICON_NAME = AppIcon;
				ASSETCATALOG_COMPILER_GLOBAL_ACCENT_COLOR_NAME = AccentColor;
				CODE_SIGN_STYLE = Automatic;
				CURRENT_PROJECT_VERSION = 1;
				DEVELOPMENT_ASSET_PATHS = "\"NetworkTest/Preview Content\"";
				DEVELOPMENT_TEAM = XU5B4ATS44;
				ENABLE_PREVIEWS = YES;
				GENERATE_INFOPLIST_FILE = YES;
				INFOPLIST_FILE = NetworkTest/Info.plist;
				INFOPLIST_KEY_UIApplicationSceneManifest_Generation = YES;
				INFOPLIST_KEY_UIApplicationSupportsIndirectInputEvents = YES;
				INFOPLIST_KEY_UILaunchScreen_Generation = YES;
				INFOPLIST_KEY_UISupportedInterfaceOrientations_iPad = "UIInterfaceOrientationPortrait UIInterfaceOrientationPortraitUpsideDown UIInterfaceOrientationLandscapeLeft UIInterfaceOrientationLandscapeRight";
				INFOPLIST_KEY_UISupportedInterfaceOrientations_iPhone = "UIInterfaceOrientationPortrait UIInterfaceOrientationLandscapeLeft UIInterfaceOrientationLandscapeRight";
				LD_RUNPATH_SEARCH_PATHS = (
					"$(inherited)",
					"@executable_path/Frameworks",
				);
				MARKETING_VERSION = 1.0;
				PRODUCT_BUNDLE_IDENTIFIER = dev.NetworkTest;
				PRODUCT_NAME = "$(TARGET_NAME)";
				SWIFT_EMIT_LOC_STRINGS = YES;
				SWIFT_VERSION = 5.0;
				TARGETED_DEVICE_FAMILY = "1,2";
			};
			name = Debug;
		};
		9836AC522800B4F600F7F767 /* Release */ = {
			isa = XCBuildConfiguration;
			buildSettings = {
				ASSETCATALOG_COMPILER_APPICON_NAME = AppIcon;
				ASSETCATALOG_COMPILER_GLOBAL_ACCENT_COLOR_NAME = AccentColor;
				CODE_SIGN_STYLE = Automatic;
				CURRENT_PROJECT_VERSION = 1;
				DEVELOPMENT_ASSET_PATHS = "\"NetworkTest/Preview Content\"";
				DEVELOPMENT_TEAM = XU5B4ATS44;
				ENABLE_PREVIEWS = YES;
				GENERATE_INFOPLIST_FILE = YES;
				INFOPLIST_FILE = NetworkTest/Info.plist;
				INFOPLIST_KEY_UIApplicationSceneManifest_Generation = YES;
				INFOPLIST_KEY_UIApplicationSupportsIndirectInputEvents = YES;
				INFOPLIST_KEY_UILaunchScreen_Generation = YES;
				INFOPLIST_KEY_UISupportedInterfaceOrientations_iPad = "UIInterfaceOrientationPortrait UIInterfaceOrientationPortraitUpsideDown UIInterfaceOrientationLandscapeLeft UIInterfaceOrientationLandscapeRight";
				INFOPLIST_KEY_UISupportedInterfaceOrientations_iPhone = "UIInterfaceOrientationPortrait UIInterfaceOrientationLandscapeLeft UIInterfaceOrientationLandscapeRight";
				LD_RUNPATH_SEARCH_PATHS = (
					"$(inherited)",
					"@executable_path/Frameworks",
				);
				MARKETING_VERSION = 1.0;
				PRODUCT_BUNDLE_IDENTIFIER = dev.NetworkTest;
				PRODUCT_NAME = "$(TARGET_NAME)";
				SWIFT_EMIT_LOC_STRINGS = YES;
				SWIFT_VERSION = 5.0;
				TARGETED_DEVICE_FAMILY = "1,2";
			};
			name = Release;
		};
/* End XCBuildConfiguration section */

/* Begin XCConfigurationList section */
		9836AC3D2800B4F400F7F767 /* Build configuration list for PBXProject "NetworkTest" */ = {
			isa = XCConfigurationList;
			buildConfigurations = (
				9836AC4E2800B4F600F7F767 /* Debug */,
				9836AC4F2800B4F600F7F767 /* Release */,
			);
			defaultConfigurationIsVisible = 0;
			defaultConfigurationName = Release;
		};
		9836AC502800B4F600F7F767 /* Build configuration list for PBXNativeTarget "NetworkTest" */ = {
			isa = XCConfigurationList;
			buildConfigurations = (
				9836AC512800B4F600F7F767 /* Debug */,
				9836AC522800B4F600F7F767 /* Release */,
			);
			defaultConfigurationIsVisible = 0;
			defaultConfigurationName = Release;
		};
/* End XCConfigurationList section */

/* Begin XCRemoteSwiftPackageReference section */
		9836AC552800B5F800F7F767 /* XCRemoteSwiftPackageReference "firebase-ios-sdk" */ = {
			isa = XCRemoteSwiftPackageReference;
			repositoryURL = "https://github.com/firebase/firebase-ios-sdk";
			requirement = {
				kind = upToNextMajorVersion;
				minimumVersion = 8.0.0;
			};
		};
/* End XCRemoteSwiftPackageReference section */

/* Begin XCSwiftPackageProductDependency section */
		9836AC562800B5F800F7F767 /* FirebaseAnalytics */ = {
			isa = XCSwiftPackageProductDependency;
			package = 9836AC552800B5F800F7F767 /* XCRemoteSwiftPackageReference "firebase-ios-sdk" */;
			productName = FirebaseAnalytics;
		};
		9836AC582800B5F800F7F767 /* FirebaseAuth */ = {
			isa = XCSwiftPackageProductDependency;
			package = 9836AC552800B5F800F7F767 /* XCRemoteSwiftPackageReference "firebase-ios-sdk" */;
			productName = FirebaseAuth;
		};
		9836AC5A2800B5F800F7F767 /* FirebaseDatabase */ = {
			isa = XCSwiftPackageProductDependency;
			package = 9836AC552800B5F800F7F767 /* XCRemoteSwiftPackageReference "firebase-ios-sdk" */;
			productName = FirebaseDatabase;
		};
		9836AC5C2800B5F800F7F767 /* FirebaseFirestore */ = {
			isa = XCSwiftPackageProductDependency;
			package = 9836AC552800B5F800F7F767 /* XCRemoteSwiftPackageReference "firebase-ios-sdk" */;
			productName = FirebaseFirestore;
		};
		9836AC5E2800B5F800F7F767 /* FirebaseStorage */ = {
			isa = XCSwiftPackageProductDependency;
			package = 9836AC552800B5F800F7F767 /* XCRemoteSwiftPackageReference "firebase-ios-sdk" */;
			productName = FirebaseStorage;
		};
		9836AC622800BA0F00F7F767 /* FirebaseFirestoreSwift-Beta */ = {
			isa = XCSwiftPackageProductDependency;
			package = 9836AC552800B5F800F7F767 /* XCRemoteSwiftPackageReference "firebase-ios-sdk" */;
			productName = "FirebaseFirestoreSwift-Beta";
		};
/* End XCSwiftPackageProductDependency section */
	};
	rootObject = 9836AC3A2800B4F400F7F767 /* Project object */;
}
